
Microsoft Visual Studio Solution File, Format Version 12.00
# Visual Studio Version 17
VisualStudioVersion = 17.14.36908.2 d17.14
MinimumVisualStudioVersion = 10.0.40219.1
Project("{FAE04EC0-301F-11D3-BF4B-00C04F79EFBC}") = "ConsoleApp1", "ConsoleApp1\ConsoleApp1.csproj", "{C4DF081D-6786-413D-9E7E-562CF58ABBEC}"
EndProject
Project("{FAE04EC0-301F-11D3-BF4B-00C04F79EFBC}") = "OOP_Fundamentals_Library", "G:\laba1\OOP_Fundamentals_Library\OOP_Fundamentals_Library.csproj", "{473DD97C-6CD7-F756-58D2-A0E96CA181CF}"
EndProject
Global
	GlobalSection(SolutionConfigurationPlatforms) = preSolution
		Debug|Any CPU = Debug|Any CPU
		Release|Any CPU = Release|Any CPU
	EndGlobalSection
	GlobalSection(ProjectConfigurationPlatforms) = postSolution
		{C4DF081D-6786-413D-9E7E-562CF58ABBEC}.Debug|Any CPU.ActiveCfg = Debug|Any CPU
		{C4DF081D-6786-413D-9E7E-562CF58ABBEC}.Debug|Any CPU.Build.0 = Debug|Any CPU
		{C4DF081D-6786-413D-9E7E-562CF58ABBEC}.Release|Any CPU.ActiveCfg = Release|Any CPU
		{C4DF081D-6786-413D-9E7E-562CF58ABBEC}.Release|Any CPU.Build.0 = Release|Any CPU
		{473DD97C-6CD7-F756-58D2-A0E96CA181CF}.Debug|Any CPU.ActiveCfg = Debug|Any CPU
		{473DD97C-6CD7-F756-58D2-A0E96CA181CF}.Debug|Any CPU.Build.0 = Debug|Any CPU
		{473DD97C-6CD7-F756-58D2-A0E96CA181CF}.Release|Any CPU.ActiveCfg = Release|Any CPU
		{473DD97C-6CD7-F756-58D2-A0E96CA181CF}.Release|Any CPU.Build.0 = Release|Any CPU
	EndGlobalSection
	GlobalSection(SolutionProperties) = preSolution
		HideSolutionNode = FALSE
	EndGlobalSection
	GlobalSection(ExtensibilityGlobals) = postSolution
		SolutionGuid = {48538142-CEB4-4CB5-A62C-C32A89AC28B6}
	EndGlobalSection
EndGlobal
